
Microsoft Visual Studio Solution File, Format Version 12.00
# Visual Studio Version 17
VisualStudioVersion = 17.0.31903.59
MinimumVisualStudioVersion = 10.0.40219.1
Project("{2150E333-8FDC-42A3-9474-1A3956D46DE8}") = "src", "src", "{6E8E7776-2940-49CA-BDFF-EBE4C821B668}"
EndProject
Project("{FAE04EC0-301F-11D3-BF4B-00C04F79EFBC}") = "GeoMineralTrace.App", "src\GeoMineralTrace.App\GeoMineralTrace.App.csproj", "{71B20C81-2C6B-40AE-A49D-5EC725D7E60B}"
EndProject
Project("{FAE04EC0-301F-11D3-BF4B-00C04F79EFBC}") = "GeoMineralTrace.Core", "src\GeoMineralTrace.Core\GeoMineralTrace.Core.csproj", "{D4C30510-1A44-4987-BC28-79E5DFAFC1CF}"
EndProject
Project("{FAE04EC0-301F-11D3-BF4B-00C04F79EFBC}") = "GeoMineralTrace.Solar", "src\GeoMineralTrace.Solar\GeoMineralTrace.Solar.csproj", "{F3D87AAF-A8F4-400B-AADD-6C094C46CDA9}"
EndProject
Project("{FAE04EC0-301F-11D3-BF4B-00C04F79EFBC}") = "GeoMineralTrace.Evidence", "src\GeoMineralTrace.Evidence\GeoMineralTrace.Evidence.csproj", "{AAAE51CA-D534-4719-A2C2-833B6E65FFFA}"
EndProject
Project("{FAE04EC0-301F-11D3-BF4B-00C04F79EFBC}") = "GeoMineralTrace.Hypothesis", "src\GeoMineralTrace.Hypothesis\GeoMineralTrace.Hypothesis.csproj", "{0B155C22-018D-4DF6-BA4A-C7EFB73BCC98}"
EndProject
Project("{FAE04EC0-301F-11D3-BF4B-00C04F79EFBC}") = "GeoMineralTrace.Rockhounding", "src\GeoMineralTrace.Rockhounding\GeoMineralTrace.Rockhounding.csproj", "{8055D701-12C1-4EAD-99E7-C5A49B00CDE7}"
EndProject
Project("{FAE04EC0-301F-11D3-BF4B-00C04F79EFBC}") = "GeoMineralTrace.Claims", "src\GeoMineralTrace.Claims\GeoMineralTrace.Claims.csproj", "{A1B2C3D4-E5F6-7890-ABCD-EF1234567890}"
EndProject
Project("{FAE04EC0-301F-11D3-BF4B-00C04F79EFBC}") = "GeoMineralTrace.Infrastructure", "src\GeoMineralTrace.Infrastructure\GeoMineralTrace.Infrastructure.csproj", "{D9D6C4BC-D269-4ED7-8F66-1C65AFA6166D}"
EndProject
Project("{2150E333-8FDC-42A3-9474-1A3956D46DE8}") = "tests", "tests", "{E70F0A37-1006-4092-AAE2-881E681DE0EE}"
EndProject
Project("{FAE04EC0-301F-11D3-BF4B-00C04F79EFBC}") = "GeoMineralTrace.Solar.Tests", "tests\GeoMineralTrace.Solar.Tests\GeoMineralTrace.Solar.Tests.csproj", "{146E0005-77B2-4C1B-BFEB-4E441268B225}"
EndProject
Project("{FAE04EC0-301F-11D3-BF4B-00C04F79EFBC}") = "GeoMineralTrace.Core.Tests", "tests\GeoMineralTrace.Core.Tests\GeoMineralTrace.Core.Tests.csproj", "{71D83BE5-1E1C-4476-8C39-764FB84B44E5}"
EndProject
Project("{FAE04EC0-301F-11D3-BF4B-00C04F79EFBC}") = "GeoMineralTrace.Rockhounding.Tests", "tests\GeoMineralTrace.Rockhounding.Tests\GeoMineralTrace.Rockhounding.Tests.csproj", "{5AF46D71-658C-4B5A-BBC0-4CC0DDD369A5}"
EndProject
Project("{FAE04EC0-301F-11D3-BF4B-00C04F79EFBC}") = "GeoMineralTrace.Claims.Tests", "tests\GeoMineralTrace.Claims.Tests\GeoMineralTrace.Claims.Tests.csproj", "{B2C3D4E5-F6A7-8901-BCDE-F12345678901}"
EndProject
Project("{FAE04EC0-301F-11D3-BF4B-00C04F79EFBC}") = "GeoMineralTrace.Pipeline", "src\GeoMineralTrace.Pipeline\GeoMineralTrace.Pipeline.csproj", "{C38CD67C-5ABA-44FC-A45B-D117F29A05EE}"
EndProject
Project("{FAE04EC0-301F-11D3-BF4B-00C04F79EFBC}") = "GeoMineralTrace.Reporting", "src\GeoMineralTrace.Reporting\GeoMineralTrace.Reporting.csproj", "{80138642-1072-4155-85CE-E3FD39E06EC2}"
EndProject
Project("{FAE04EC0-301F-11D3-BF4B-00C04F79EFBC}") = "GeoMineralTrace.Hypothesis.Tests", "tests\GeoMineralTrace.Hypothesis.Tests\GeoMineralTrace.Hypothesis.Tests.csproj", "{77F953A3-563B-40F3-B04C-2FA420919926}"
EndProject
Project("{FAE04EC0-301F-11D3-BF4B-00C04F79EFBC}") = "GeoMineralTrace.Pipeline.Tests", "tests\GeoMineralTrace.Pipeline.Tests\GeoMineralTrace.Pipeline.Tests.csproj", "{FD392269-BEFD-4017-AFE8-8B774DF834EE}"
EndProject
Project("{FAE04EC0-301F-11D3-BF4B-00C04F79EFBC}") = "GeoMineralTrace.Hydrology", "src\GeoMineralTrace.Hydrology\GeoMineralTrace.Hydrology.csproj", "{5B98E62C-481E-47F8-8FF7-6404F29FE907}"
EndProject
Project("{FAE04EC0-301F-11D3-BF4B-00C04F79EFBC}") = "GeoMineralTrace.Hydrology.Tests", "tests\GeoMineralTrace.Hydrology.Tests\GeoMineralTrace.Hydrology.Tests.csproj", "{6F20D1DD-98D7-45B9-ADF8-7F8E2CB05F76}"
EndProject
Project("{2150E333-8FDC-42A3-9474-1A3956D46DE8}") = "artifacts", "artifacts", "{F5DBECC2-8F1E-4204-9749-032CD9F9E0C5}"
EndProject
Project("{FAE04EC0-301F-11D3-BF4B-00C04F79EFBC}") = "RiversImport", "artifacts\RiversImport\RiversImport.csproj", "{EFA74945-1210-4F4A-BCB6-C3D90D6F2AB8}"
EndProject
Project("{FAE04EC0-301F-11D3-BF4B-00C04F79EFBC}") = "TrailsImport", "artifacts\TrailsImport\TrailsImport.csproj", "{A7C4E1B2-9F30-4D8E-B6A1-2C5D8E0F1A33}"
EndProject
Project("{FAE04EC0-301F-11D3-BF4B-00C04F79EFBC}") = "GeoMineralTrace.Evidence.Tests", "tests\GeoMineralTrace.Evidence.Tests\GeoMineralTrace.Evidence.Tests.csproj", "{6E1096DB-B8DB-4985-B827-23116DB13962}"
EndProject
Project("{FAE04EC0-301F-11D3-BF4B-00C04F79EFBC}") = "GlossaryImport", "artifacts\GlossaryImport\GlossaryImport.csproj", "{5E05F085-93B6-46CE-8FA4-0FF0D652CC49}"
EndProject
Global
	GlobalSection(SolutionConfigurationPlatforms) = preSolution
		Debug|Any CPU = Debug|Any CPU
		Release|Any CPU = Release|Any CPU
	EndGlobalSection
	GlobalSection(SolutionProperties) = preSolution
		HideSolutionNode = FALSE
	EndGlobalSection
	GlobalSection(ProjectConfigurationPlatforms) = postSolution
		{71B20C81-2C6B-40AE-A49D-5EC725D7E60B}.Debug|Any CPU.ActiveCfg = Debug|x64
		{71B20C81-2C6B-40AE-A49D-5EC725D7E60B}.Debug|Any CPU.Build.0 = Debug|x64
		{71B20C81-2C6B-40AE-A49D-5EC725D7E60B}.Release|Any CPU.ActiveCfg = Release|x64
		{71B20C81-2C6B-40AE-A49D-5EC725D7E60B}.Release|Any CPU.Build.0 = Release|x64
		{D4C30510-1A44-4987-BC28-79E5DFAFC1CF}.Debug|Any CPU.ActiveCfg = Debug|Any CPU
		{D4C30510-1A44-4987-BC28-79E5DFAFC1CF}.Debug|Any CPU.Build.0 = Debug|Any CPU
		{D4C30510-1A44-4987-BC28-79E5DFAFC1CF}.Release|Any CPU.ActiveCfg = Release|Any CPU
		{D4C30510-1A44-4987-BC28-79E5DFAFC1CF}.Release|Any CPU.Build.0 = Release|Any CPU
		{F3D87AAF-A8F4-400B-AADD-6C094C46CDA9}.Debug|Any CPU.ActiveCfg = Debug|Any CPU
		{F3D87AAF-A8F4-400B-AADD-6C094C46CDA9}.Debug|Any CPU.Build.0 = Debug|Any CPU
		{F3D87AAF-A8F4-400B-AADD-6C094C46CDA9}.Release|Any CPU.ActiveCfg = Release|Any CPU
		{F3D87AAF-A8F4-400B-AADD-6C094C46CDA9}.Release|Any CPU.Build.0 = Release|Any CPU
		{AAAE51CA-D534-4719-A2C2-833B6E65FFFA}.Debug|Any CPU.ActiveCfg = Debug|Any CPU
		{AAAE51CA-D534-4719-A2C2-833B6E65FFFA}.Debug|Any CPU.Build.0 = Debug|Any CPU
		{AAAE51CA-D534-4719-A2C2-833B6E65FFFA}.Release|Any CPU.ActiveCfg = Release|Any CPU
		{AAAE51CA-D534-4719-A2C2-833B6E65FFFA}.Release|Any CPU.Build.0 = Release|Any CPU
		{0B155C22-018D-4DF6-BA4A-C7EFB73BCC98}.Debug|Any CPU.ActiveCfg = Debug|Any CPU
		{0B155C22-018D-4DF6-BA4A-C7EFB73BCC98}.Debug|Any CPU.Build.0 = Debug|Any CPU
		{0B155C22-018D-4DF6-BA4A-C7EFB73BCC98}.Release|Any CPU.ActiveCfg = Release|Any CPU
		{0B155C22-018D-4DF6-BA4A-C7EFB73BCC98}.Release|Any CPU.Build.0 = Release|Any CPU
		{8055D701-12C1-4EAD-99E7-C5A49B00CDE7}.Debug|Any CPU.ActiveCfg = Debug|Any CPU
		{8055D701-12C1-4EAD-99E7-C5A49B00CDE7}.Debug|Any CPU.Build.0 = Debug|Any CPU
		{8055D701-12C1-4EAD-99E7-C5A49B00CDE7}.Release|Any CPU.ActiveCfg = Release|Any CPU
		{8055D701-12C1-4EAD-99E7-C5A49B00CDE7}.Release|Any CPU.Build.0 = Release|Any CPU
		{D9D6C4BC-D269-4ED7-8F66-1C65AFA6166D}.Debug|Any CPU.ActiveCfg = Debug|Any CPU
		{D9D6C4BC-D269-4ED7-8F66-1C65AFA6166D}.Debug|Any CPU.Build.0 = Debug|Any CPU
		{D9D6C4BC-D269-4ED7-8F66-1C65AFA6166D}.Release|Any CPU.ActiveCfg = Release|Any CPU
		{D9D6C4BC-D269-4ED7-8F66-1C65AFA6166D}.Release|Any CPU.Build.0 = Release|Any CPU
		{146E0005-77B2-4C1B-BFEB-4E441268B225}.Debug|Any CPU.ActiveCfg = Debug|Any CPU
		{146E0005-77B2-4C1B-BFEB-4E441268B225}.Debug|Any CPU.Build.0 = Debug|Any CPU
		{146E0005-77B2-4C1B-BFEB-4E441268B225}.Release|Any CPU.ActiveCfg = Release|Any CPU
		{146E0005-77B2-4C1B-BFEB-4E441268B225}.Release|Any CPU.Build.0 = Release|Any CPU
		{71D83BE5-1E1C-4476-8C39-764FB84B44E5}.Debug|Any CPU.ActiveCfg = Debug|Any CPU
		{71D83BE5-1E1C-4476-8C39-764FB84B44E5}.Debug|Any CPU.Build.0 = Debug|Any CPU
		{71D83BE5-1E1C-4476-8C39-764FB84B44E5}.Release|Any CPU.ActiveCfg = Release|Any CPU
		{71D83BE5-1E1C-4476-8C39-764FB84B44E5}.Release|Any CPU.Build.0 = Release|Any CPU
		{5AF46D71-658C-4B5A-BBC0-4CC0DDD369A5}.Debug|Any CPU.ActiveCfg = Debug|Any CPU
		{5AF46D71-658C-4B5A-BBC0-4CC0DDD369A5}.Debug|Any CPU.Build.0 = Debug|Any CPU
		{5AF46D71-658C-4B5A-BBC0-4CC0DDD369A5}.Release|Any CPU.ActiveCfg = Release|Any CPU
		{5AF46D71-658C-4B5A-BBC0-4CC0DDD369A5}.Release|Any CPU.Build.0 = Release|Any CPU
		{A1B2C3D4-E5F6-7890-ABCD-EF1234567890}.Debug|Any CPU.ActiveCfg = Debug|Any CPU
		{A1B2C3D4-E5F6-7890-ABCD-EF1234567890}.Debug|Any CPU.Build.0 = Debug|Any CPU
		{A1B2C3D4-E5F6-7890-ABCD-EF1234567890}.Release|Any CPU.ActiveCfg = Release|Any CPU
		{A1B2C3D4-E5F6-7890-ABCD-EF1234567890}.Release|Any CPU.Build.0 = Release|Any CPU
		{B2C3D4E5-F6A7-8901-BCDE-F12345678901}.Debug|Any CPU.ActiveCfg = Debug|Any CPU
		{B2C3D4E5-F6A7-8901-BCDE-F12345678901}.Debug|Any CPU.Build.0 = Debug|Any CPU
		{B2C3D4E5-F6A7-8901-BCDE-F12345678901}.Release|Any CPU.ActiveCfg = Release|Any CPU
		{B2C3D4E5-F6A7-8901-BCDE-F12345678901}.Release|Any CPU.Build.0 = Release|Any CPU
		{C38CD67C-5ABA-44FC-A45B-D117F29A05EE}.Debug|Any CPU.ActiveCfg = Debug|Any CPU
		{C38CD67C-5ABA-44FC-A45B-D117F29A05EE}.Debug|Any CPU.Build.0 = Debug|Any CPU
		{C38CD67C-5ABA-44FC-A45B-D117F29A05EE}.Release|Any CPU.ActiveCfg = Release|Any CPU
		{C38CD67C-5ABA-44FC-A45B-D117F29A05EE}.Release|Any CPU.Build.0 = Release|Any CPU
		{80138642-1072-4155-85CE-E3FD39E06EC2}.Debug|Any CPU.ActiveCfg = Debug|Any CPU
		{80138642-1072-4155-85CE-E3FD39E06EC2}.Debug|Any CPU.Build.0 = Debug|Any CPU
		{80138642-1072-4155-85CE-E3FD39E06EC2}.Release|Any CPU.ActiveCfg = Release|Any CPU
		{80138642-1072-4155-85CE-E3FD39E06EC2}.Release|Any CPU.Build.0 = Release|Any CPU
		{77F953A3-563B-40F3-B04C-2FA420919926}.Debug|Any CPU.ActiveCfg = Debug|Any CPU
		{77F953A3-563B-40F3-B04C-2FA420919926}.Debug|Any CPU.Build.0 = Debug|Any CPU
		{77F953A3-563B-40F3-B04C-2FA420919926}.Release|Any CPU.ActiveCfg = Release|Any CPU
		{77F953A3-563B-40F3-B04C-2FA420919926}.Release|Any CPU.Build.0 = Release|Any CPU
		{FD392269-BEFD-4017-AFE8-8B774DF834EE}.Debug|Any CPU.ActiveCfg = Debug|Any CPU
		{FD392269-BEFD-4017-AFE8-8B774DF834EE}.Debug|Any CPU.Build.0 = Debug|Any CPU
		{FD392269-BEFD-4017-AFE8-8B774DF834EE}.Release|Any CPU.ActiveCfg = Release|Any CPU
		{FD392269-BEFD-4017-AFE8-8B774DF834EE}.Release|Any CPU.Build.0 = Release|Any CPU
		{5B98E62C-481E-47F8-8FF7-6404F29FE907}.Debug|Any CPU.ActiveCfg = Debug|Any CPU
		{5B98E62C-481E-47F8-8FF7-6404F29FE907}.Debug|Any CPU.Build.0 = Debug|Any CPU
		{5B98E62C-481E-47F8-8FF7-6404F29FE907}.Release|Any CPU.ActiveCfg = Release|Any CPU
		{5B98E62C-481E-47F8-8FF7-6404F29FE907}.Release|Any CPU.Build.0 = Release|Any CPU
		{6F20D1DD-98D7-45B9-ADF8-7F8E2CB05F76}.Debug|Any CPU.ActiveCfg = Debug|Any CPU
		{6F20D1DD-98D7-45B9-ADF8-7F8E2CB05F76}.Debug|Any CPU.Build.0 = Debug|Any CPU
		{6F20D1DD-98D7-45B9-ADF8-7F8E2CB05F76}.Release|Any CPU.ActiveCfg = Release|Any CPU
		{6F20D1DD-98D7-45B9-ADF8-7F8E2CB05F76}.Release|Any CPU.Build.0 = Release|Any CPU
		{EFA74945-1210-4F4A-BCB6-C3D90D6F2AB8}.Debug|Any CPU.ActiveCfg = Debug|Any CPU
		{EFA74945-1210-4F4A-BCB6-C3D90D6F2AB8}.Debug|Any CPU.Build.0 = Debug|Any CPU
		{EFA74945-1210-4F4A-BCB6-C3D90D6F2AB8}.Release|Any CPU.ActiveCfg = Release|Any CPU
		{EFA74945-1210-4F4A-BCB6-C3D90D6F2AB8}.Release|Any CPU.Build.0 = Release|Any CPU
		{A7C4E1B2-9F30-4D8E-B6A1-2C5D8E0F1A33}.Debug|Any CPU.ActiveCfg = Debug|Any CPU
		{A7C4E1B2-9F30-4D8E-B6A1-2C5D8E0F1A33}.Debug|Any CPU.Build.0 = Debug|Any CPU
		{A7C4E1B2-9F30-4D8E-B6A1-2C5D8E0F1A33}.Release|Any CPU.ActiveCfg = Release|Any CPU
		{A7C4E1B2-9F30-4D8E-B6A1-2C5D8E0F1A33}.Release|Any CPU.Build.0 = Release|Any CPU
		{6E1096DB-B8DB-4985-B827-23116DB13962}.Debug|Any CPU.ActiveCfg = Debug|Any CPU
		{6E1096DB-B8DB-4985-B827-23116DB13962}.Debug|Any CPU.Build.0 = Debug|Any CPU
		{6E1096DB-B8DB-4985-B827-23116DB13962}.Release|Any CPU.ActiveCfg = Release|Any CPU
		{6E1096DB-B8DB-4985-B827-23116DB13962}.Release|Any CPU.Build.0 = Release|Any CPU
		{5E05F085-93B6-46CE-8FA4-0FF0D652CC49}.Debug|Any CPU.ActiveCfg = Debug|Any CPU
		{5E05F085-93B6-46CE-8FA4-0FF0D652CC49}.Debug|Any CPU.Build.0 = Debug|Any CPU
		{5E05F085-93B6-46CE-8FA4-0FF0D652CC49}.Release|Any CPU.ActiveCfg = Release|Any CPU
		{5E05F085-93B6-46CE-8FA4-0FF0D652CC49}.Release|Any CPU.Build.0 = Release|Any CPU
	EndGlobalSection
	GlobalSection(NestedProjects) = preSolution
		{71B20C81-2C6B-40AE-A49D-5EC725D7E60B} = {6E8E7776-2940-49CA-BDFF-EBE4C821B668}
		{D4C30510-1A44-4987-BC28-79E5DFAFC1CF} = {6E8E7776-2940-49CA-BDFF-EBE4C821B668}
		{F3D87AAF-A8F4-400B-AADD-6C094C46CDA9} = {6E8E7776-2940-49CA-BDFF-EBE4C821B668}
		{AAAE51CA-D534-4719-A2C2-833B6E65FFFA} = {6E8E7776-2940-49CA-BDFF-EBE4C821B668}
		{0B155C22-018D-4DF6-BA4A-C7EFB73BCC98} = {6E8E7776-2940-49CA-BDFF-EBE4C821B668}
		{8055D701-12C1-4EAD-99E7-C5A49B00CDE7} = {6E8E7776-2940-49CA-BDFF-EBE4C821B668}
		{A1B2C3D4-E5F6-7890-ABCD-EF1234567890} = {6E8E7776-2940-49CA-BDFF-EBE4C821B668}
		{D9D6C4BC-D269-4ED7-8F66-1C65AFA6166D} = {6E8E7776-2940-49CA-BDFF-EBE4C821B668}
		{146E0005-77B2-4C1B-BFEB-4E441268B225} = {E70F0A37-1006-4092-AAE2-881E681DE0EE}
		{71D83BE5-1E1C-4476-8C39-764FB84B44E5} = {E70F0A37-1006-4092-AAE2-881E681DE0EE}
		{5AF46D71-658C-4B5A-BBC0-4CC0DDD369A5} = {E70F0A37-1006-4092-AAE2-881E681DE0EE}
		{B2C3D4E5-F6A7-8901-BCDE-F12345678901} = {E70F0A37-1006-4092-AAE2-881E681DE0EE}
		{C38CD67C-5ABA-44FC-A45B-D117F29A05EE} = {6E8E7776-2940-49CA-BDFF-EBE4C821B668}
		{80138642-1072-4155-85CE-E3FD39E06EC2} = {6E8E7776-2940-49CA-BDFF-EBE4C821B668}
		{77F953A3-563B-40F3-B04C-2FA420919926} = {E70F0A37-1006-4092-AAE2-881E681DE0EE}
		{FD392269-BEFD-4017-AFE8-8B774DF834EE} = {E70F0A37-1006-4092-AAE2-881E681DE0EE}
		{5B98E62C-481E-47F8-8FF7-6404F29FE907} = {6E8E7776-2940-49CA-BDFF-EBE4C821B668}
		{6F20D1DD-98D7-45B9-ADF8-7F8E2CB05F76} = {E70F0A37-1006-4092-AAE2-881E681DE0EE}
		{EFA74945-1210-4F4A-BCB6-C3D90D6F2AB8} = {F5DBECC2-8F1E-4204-9749-032CD9F9E0C5}
		{A7C4E1B2-9F30-4D8E-B6A1-2C5D8E0F1A33} = {F5DBECC2-8F1E-4204-9749-032CD9F9E0C5}
		{6E1096DB-B8DB-4985-B827-23116DB13962} = {E70F0A37-1006-4092-AAE2-881E681DE0EE}
		{5E05F085-93B6-46CE-8FA4-0FF0D652CC49} = {F5DBECC2-8F1E-4204-9749-032CD9F9E0C5}
	EndGlobalSection
EndGlobal
